
Microsoft Visual Studio Solution File, Format Version 12.00
# Visual Studio 15
VisualStudioVersion = 15.0.28010.2050
MinimumVisualStudioVersion = 10.0.40219.1
Project("{FAE04EC0-301F-11D3-BF4B-00C04F79EFBC}") = "HelloWorld", "HelloWorld\HelloWorld.csproj", "{2BF31C2C-D0A6-4892-9F11-ADA68B6AD196}"
EndProject
Global
	GlobalSection(SolutionConfigurationPlatforms) = preSolution
		Debug|Any CPU = Debug|Any CPU
		Release|Any CPU = Release|Any CPU
	EndGlobalSection
	GlobalSection(ProjectConfigurationPlatforms) = postSolution
		{2BF31C2C-D0A6-4892-9F11-ADA68B6AD196}.Debug|Any CPU.ActiveCfg = Debug|Any CPU
		{2BF31C2C-D0A6-4892-9F11-ADA68B6AD196}.Debug|Any CPU.Build.0 = Debug|Any CPU
		{2BF31C2C-D0A6-4892-9F11-ADA68B6AD196}.Release|Any CPU.ActiveCfg = Release|Any CPU
		{2BF31C2C-D0A6-4892-9F11-ADA68B6AD196}.Release|Any CPU.Build.0 = Release|Any CPU
	EndGlobalSection
	GlobalSection(SolutionProperties) = preSolution
		HideSolutionNode = FALSE
	EndGlobalSection
	GlobalSection(ExtensibilityGlobals) = postSolution
		SolutionGuid = {B9FD81AA-9A57-42A7-AF5E-0421CFBA52B8}
	EndGlobalSection
EndGlobal
